
Microsoft Visual Studio Solution File, Format Version 12.00
# Visual Studio Version 17
VisualStudioVersion = 17.11.35327.3
MinimumVisualStudioVersion = 10.0.40219.1
Project("{FAE04EC0-301F-11D3-BF4B-00C04F79EFBC}") = "gudioapp1", "gudioapp1\gudioapp1.csproj", "{931A1F19-330F-4C13-9C8D-3C3AA3D72D15}"
EndProject
Global
	GlobalSection(SolutionConfigurationPlatforms) = preSolution
		Debug|Any CPU = Debug|Any CPU
		Release|Any CPU = Release|Any CPU
	EndGlobalSection
	GlobalSection(ProjectConfigurationPlatforms) = postSolution
		{931A1F19-330F-4C13-9C8D-3C3AA3D72D15}.Debug|Any CPU.ActiveCfg = Debug|Any CPU
		{931A1F19-330F-4C13-9C8D-3C3AA3D72D15}.Debug|Any CPU.Build.0 = Debug|Any CPU
		{931A1F19-330F-4C13-9C8D-3C3AA3D72D15}.Release|Any CPU.ActiveCfg = Release|Any CPU
		{931A1F19-330F-4C13-9C8D-3C3AA3D72D15}.Release|Any CPU.Build.0 = Release|Any CPU
	EndGlobalSection
	GlobalSection(SolutionProperties) = preSolution
		HideSolutionNode = FALSE
	EndGlobalSection
	GlobalSection(ExtensibilityGlobals) = postSolution
		SolutionGuid = {4A589AB6-76CD-4A4A-81E3-911472B42445}
	EndGlobalSection
EndGlobal
